<?xml version="1.0" encoding="utf-8"?>
<Project ToolsVersion="4.0" xmlns="http://schemas.microsoft.com/developer/msbuild/2003">
  <ItemGroup>
    <Filter Include="Source Files">
      <UniqueIdentifier>{4FC737F1-C7A5-4376-A066-2A32D752A2FF}</UniqueIdentifier>
      <Extensions>cpp;c;cc;cxx;c++;cppm;ixx;def;odl;idl;hpj;bat;asm;asmx</Extensions>
    </Filter>
    <Filter Include="Header Files">
      <UniqueIdentifier>{93995380-89BD-4b04-88EB-625FBE52EBFB}</UniqueIdentifier>
      <Extensions>h;hh;hpp;hxx;h++;hm;inl;inc;ipp;xsd</Extensions>
    </Filter>
    <Filter Include="Resource Files">
      <UniqueIdentifier>{67DA6AB6-F800-4c08-8B7A-83BB121AAD01}</UniqueIdentifier>
      <Extensions>rc;ico;cur;bmp;dlg;rc2;rct;bin;rgs;gif;jpg;jpeg;jpe;resx;tiff;tif;png;wav;mfcribbon-ms</Extensions>
    </Filter>
    <Filter Include="Forms">
      <UniqueIdentifier>{c7a413dc-e96b-4221-894c-b7eebb3d2a36}</UniqueIdentifier>
    </Filter>
    <Filter Include="usbmmidd">
      <UniqueIdentifier>{b2036ac7-6977-4c02-98de-63014938843e}</UniqueIdentifier>
    </Filter>
  </ItemGroup>
  <ItemGroup>
    <ClCompile Include="ScreenDupliactor.cpp">
      <Filter>Source Files</Filter>
    </ClCompile>
    <ClCompile Include="App.cpp">
      <Filter>Source Files</Filter>
    </ClCompile>
    <ClCompile Include="DisplayStreamServer.cpp">
      <Filter>Source Files</Filter>
    </ClCompile>
    <ClCompile Include="StreamCodec.cpp">
      <Filter>Source Files</Filter>
    </ClCompile>
    <ClCompile Include="main.cpp">
      <Filter>Source Files</Filter>
    </ClCompile>
    <ClCompile Include="DriverHelper.cpp">
      <Filter>Source Files</Filter>
    </ClCompile>
  </ItemGroup>
  <ItemGroup>
    <ClInclude Include="ui_MainWindow.h">
      <Filter>Header Files</Filter>
    </ClInclude>
    <ClInclude Include="VIdeoWidget.h">
      <Filter>Header Files</Filter>
    </ClInclude>
    <ClInclude Include="miscHelpers.h">
      <Filter>Header Files</Filter>
    </ClInclude>
  </ItemGroup>
  <ItemGroup>
    <QtUic Include="MainWindow.ui">
      <Filter>Forms</Filter>
    </QtUic>
  </ItemGroup>
  <ItemGroup>
    <QtMoc Include="App.h">
      <Filter>Header Files</Filter>
    </QtMoc>
    <QtMoc Include="ScreenDupliactor.h">
      <Filter>Header Files</Filter>
    </QtMoc>
    <QtMoc Include="DisplayStreamServer.h">
      <Filter>Header Files</Filter>
    </QtMoc>
    <QtMoc Include="StreamCodec.h">
      <Filter>Header Files</Filter>
    </QtMoc>
    <QtMoc Include="Test.h">
      <Filter>Header Files</Filter>
    </QtMoc>
    <QtMoc Include="DriverHelper.h">
      <Filter>Header Files</Filter>
    </QtMoc>
  </ItemGroup>
  <ItemGroup>
    <None Include="usbmmidd_v2\deviceinstaller64.exe">
      <Filter>usbmmidd</Filter>
    </None>
    <None Include="cpp.hint" />
    <None Include="usbmmidd_v2\usbmmidd.bat">
      <Filter>usbmmidd</Filter>
    </None>
    <None Include="usbmmidd_v2\deviceinstaller.exe">
      <Filter>usbmmidd</Filter>
    </None>
    <None Include="usbmmidd_v2\usbmmidd.cat">
      <Filter>usbmmidd</Filter>
    </None>
    <None Include="usbmmidd_v2\usbmmIdd.inf">
      <Filter>usbmmidd</Filter>
    </None>
  </ItemGroup>
  <ItemGroup>
    <Text Include="usbmmidd_v2\idd_instructions.txt">
      <Filter>usbmmidd</Filter>
    </Text>
    <Text Include="usbmmidd_v2\License.txt">
      <Filter>usbmmidd</Filter>
    </Text>
  </ItemGroup>
</Project>